{
  "name": "net-css",
  "version": "0.0.0",
  "lockfileVersion": 1,
  "requires": true,
  "dependencies": {
    "@babel/parser": {
      "version": "7.18.11",
      "resolved": "http://npm.zhenguanyu.com/@babel/parser/download/@babel/parser-7.18.11.tgz",
      "integrity": "sha1-aLsHqz04Cv+po/lnKN8HlpZF0tk="
    },
    "@esbuild/linux-loong64": {
      "version": "0.14.54",
      "resolved": "http://npm.zhenguanyu.com/@esbuild/linux-loong64/download/@esbuild/linux-loong64-0.14.54.tgz",
      "integrity": "sha1-3ipL5ni9TQ0f+7hubed5zeWZkCg=",
      "dev": true,
      "optional": true
    },
    "@vitejs/plugin-vue": {
      "version": "3.0.1",
      "resolved": "http://npm.zhenguanyu.com/@vitejs/plugin-vue/download/@vitejs/plugin-vue-3.0.1.tgz",
      "integrity": "sha1-tq+PeCSFN0u7X+Ce3wZ6hFv0yq4=",
      "dev": true
    },
    "@vue/compiler-core": {
      "version": "3.2.37",
      "resolved": "http://npm.zhenguanyu.com/@vue/compiler-core/download/@vue/compiler-core-3.2.37.tgz",
      "integrity": "sha1-s8QuBMDg8sSW/xeE5UP77+keIVo=",
      "requires": {
        "@babel/parser": "^7.16.4",
        "@vue/shared": "3.2.37",
        "estree-walker": "^2.0.2",
        "source-map": "^0.6.1"
      }
    },
    "@vue/compiler-dom": {
      "version": "3.2.37",
      "resolved": "http://npm.zhenguanyu.com/@vue/compiler-dom/download/@vue/compiler-dom-3.2.37.tgz",
      "integrity": "sha1-ENJCeniefHB8hy2p1njIKgxlgrU=",
      "requires": {
        "@vue/compiler-core": "3.2.37",
        "@vue/shared": "3.2.37"
      }
    },
    "@vue/compiler-sfc": {
      "version": "3.2.37",
      "resolved": "http://npm.zhenguanyu.com/@vue/compiler-sfc/download/@vue/compiler-sfc-3.2.37.tgz",
      "integrity": "sha1-MQOvPaL0AobtzYXqSV3LNbx/X/Q=",
      "requires": {
        "@babel/parser": "^7.16.4",
        "@vue/compiler-core": "3.2.37",
        "@vue/compiler-dom": "3.2.37",
        "@vue/compiler-ssr": "3.2.37",
        "@vue/reactivity-transform": "3.2.37",
        "@vue/shared": "3.2.37",
        "estree-walker": "^2.0.2",
        "magic-string": "^0.25.7",
        "postcss": "^8.1.10",
        "source-map": "^0.6.1"
      }
    },
    "@vue/compiler-ssr": {
      "version": "3.2.37",
      "resolved": "http://npm.zhenguanyu.com/@vue/compiler-ssr/download/@vue/compiler-ssr-3.2.37.tgz",
      "integrity": "sha1-SJnRnzpfr9YVJKnRrujrBQUxPP8=",
      "requires": {
        "@vue/compiler-dom": "3.2.37",
        "@vue/shared": "3.2.37"
      }
    },
    "@vue/devtools-api": {
      "version": "6.2.1",
      "resolved": "http://npm.zhenguanyu.com/@vue/devtools-api/download/@vue/devtools-api-6.2.1.tgz",
      "integrity": "sha1-bylI/wAuxG3wFCDf7/kd4WxbQJI="
    },
    "@vue/reactivity": {
      "version": "3.2.37",
      "resolved": "http://npm.zhenguanyu.com/@vue/reactivity/download/@vue/reactivity-3.2.37.tgz",
      "integrity": "sha1-W8OEesWIKOK3hSbgghngoQifiEg=",
      "requires": {
        "@vue/shared": "3.2.37"
      }
    },
    "@vue/reactivity-transform": {
      "version": "3.2.37",
      "resolved": "http://npm.zhenguanyu.com/@vue/reactivity-transform/download/@vue/reactivity-transform-3.2.37.tgz",
      "integrity": "sha1-DKpHxDRN9K5Z9aBd3iqHWIKfjso=",
      "requires": {
        "@babel/parser": "^7.16.4",
        "@vue/compiler-core": "3.2.37",
        "@vue/shared": "3.2.37",
        "estree-walker": "^2.0.2",
        "magic-string": "^0.25.7"
      }
    },
    "@vue/runtime-core": {
      "version": "3.2.37",
      "resolved": "http://npm.zhenguanyu.com/@vue/runtime-core/download/@vue/runtime-core-3.2.37.tgz",
      "integrity": "sha1-e6fFS7VuXXDt/C8Fdm4cqFGZZuM=",
      "requires": {
        "@vue/reactivity": "3.2.37",
        "@vue/shared": "3.2.37"
      }
    },
    "@vue/runtime-dom": {
      "version": "3.2.37",
      "resolved": "http://npm.zhenguanyu.com/@vue/runtime-dom/download/@vue/runtime-dom-3.2.37.tgz",
      "integrity": "sha1-ACvcgij6Y5STF3Vvseks3T+fS70=",
      "requires": {
        "@vue/runtime-core": "3.2.37",
        "@vue/shared": "3.2.37",
        "csstype": "^2.6.8"
      }
    },
    "@vue/server-renderer": {
      "version": "3.2.37",
      "resolved": "http://npm.zhenguanyu.com/@vue/server-renderer/download/@vue/server-renderer-3.2.37.tgz",
      "integrity": "sha1-hAopyNzCm93ZtfX/oiuVwOcq/fw=",
      "requires": {
        "@vue/compiler-ssr": "3.2.37",
        "@vue/shared": "3.2.37"
      }
    },
    "@vue/shared": {
      "version": "3.2.37",
      "resolved": "http://npm.zhenguanyu.com/@vue/shared/download/@vue/shared-3.2.37.tgz",
      "integrity": "sha1-jmrcPydZr1Lw6Fhj37C3EezFxwI="
    },
    "anymatch": {
      "version": "3.1.2",
      "resolved": "http://npm.zhenguanyu.com/anymatch/download/anymatch-3.1.2.tgz",
      "integrity": "sha1-wFV8CWrzLxBhmPT04qODU343hxY=",
      "requires": {
        "normalize-path": "^3.0.0",
        "picomatch": "^2.0.4"
      }
    },
    "binary-extensions": {
      "version": "2.2.0",
      "resolved": "http://npm.zhenguanyu.com/binary-extensions/download/binary-extensions-2.2.0.tgz",
      "integrity": "sha1-dfUC7q+f/eQvyYgpZFvk6na9ni0="
    },
    "braces": {
      "version": "3.0.2",
      "resolved": "http://npm.zhenguanyu.com/braces/download/braces-3.0.2.tgz",
      "integrity": "sha1-NFThpGLujVmeI23zNs2epPiv4Qc=",
      "requires": {
        "fill-range": "^7.0.1"
      }
    },
    "chokidar": {
      "version": "3.5.3",
      "resolved": "http://npm.zhenguanyu.com/chokidar/download/chokidar-3.5.3.tgz",
      "integrity": "sha1-HPN8hwe5Mr0a8a4iwEMuKs0ZA70=",
      "requires": {
        "anymatch": "~3.1.2",
        "braces": "~3.0.2",
        "fsevents": "~2.3.2",
        "glob-parent": "~5.1.2",
        "is-binary-path": "~2.1.0",
        "is-glob": "~4.0.1",
        "normalize-path": "~3.0.0",
        "readdirp": "~3.6.0"
      }
    },
    "csstype": {
      "version": "2.6.20",
      "resolved": "http://npm.zhenguanyu.com/csstype/download/csstype-2.6.20.tgz",
      "integrity": "sha1-kinGXqCyYM9NPZl8sGKI42qNbdo="
    },
    "esbuild": {
      "version": "0.14.54",
      "resolved": "http://npm.zhenguanyu.com/esbuild/download/esbuild-0.14.54.tgz",
      "integrity": "sha1-i0Tc8rDxpm/CJFmUPcz0d1NemqI=",
      "dev": true,
      "requires": {
        "@esbuild/linux-loong64": "0.14.54",
        "esbuild-android-64": "0.14.54",
        "esbuild-android-arm64": "0.14.54",
        "esbuild-darwin-64": "0.14.54",
        "esbuild-darwin-arm64": "0.14.54",
        "esbuild-freebsd-64": "0.14.54",
        "esbuild-freebsd-arm64": "0.14.54",
        "esbuild-linux-32": "0.14.54",
        "esbuild-linux-64": "0.14.54",
        "esbuild-linux-arm": "0.14.54",
        "esbuild-linux-arm64": "0.14.54",
        "esbuild-linux-mips64le": "0.14.54",
        "esbuild-linux-ppc64le": "0.14.54",
        "esbuild-linux-riscv64": "0.14.54",
        "esbuild-linux-s390x": "0.14.54",
        "esbuild-netbsd-64": "0.14.54",
        "esbuild-openbsd-64": "0.14.54",
        "esbuild-sunos-64": "0.14.54",
        "esbuild-windows-32": "0.14.54",
        "esbuild-windows-64": "0.14.54",
        "esbuild-windows-arm64": "0.14.54"
      }
    },
    "esbuild-android-64": {
      "version": "0.14.54",
      "resolved": "http://npm.zhenguanyu.com/esbuild-android-64/download/esbuild-android-64-0.14.54.tgz",
      "integrity": "sha1-UF9BgyiEMTu6/7J3BLi8qi2GFr4=",
      "dev": true,
      "optional": true
    },
    "esbuild-android-arm64": {
      "version": "0.14.54",
      "resolved": "http://npm.zhenguanyu.com/esbuild-android-arm64/download/esbuild-android-arm64-0.14.54.tgz",
      "integrity": "sha1-jOadfKuklkbgCZaP5XVKIamHF3E=",
      "dev": true,
      "optional": true
    },
    "esbuild-darwin-64": {
      "version": "0.14.54",
      "resolved": "http://npm.zhenguanyu.com/esbuild-darwin-64/download/esbuild-darwin-64-0.14.54.tgz",
      "integrity": "sha1-JLpnuajLiQo8CNkBj4h8wiHN2iU=",
      "dev": true,
      "optional": true
    },
    "esbuild-darwin-arm64": {
      "version": "0.14.54",
      "resolved": "http://npm.zhenguanyu.com/esbuild-darwin-arm64/download/esbuild-darwin-arm64-0.14.54.tgz",
      "integrity": "sha1-P3zbeIiO4F5IjSUKK9qrH6Zxv3M=",
      "dev": true,
      "optional": true
    },
    "esbuild-freebsd-64": {
      "version": "0.14.54",
      "resolved": "http://npm.zhenguanyu.com/esbuild-freebsd-64/download/esbuild-freebsd-64-0.14.54.tgz",
      "integrity": "sha1-CSUPmXpW7UZQ8+GXnJBf/EC76U0=",
      "dev": true,
      "optional": true
    },
    "esbuild-freebsd-arm64": {
      "version": "0.14.54",
      "resolved": "http://npm.zhenguanyu.com/esbuild-freebsd-arm64/download/esbuild-freebsd-arm64-0.14.54.tgz",
      "integrity": "sha1-uvtG7QT8X5fL2wFthpR6eVefjkg=",
      "dev": true,
      "optional": true
    },
    "esbuild-linux-32": {
      "version": "0.14.54",
      "resolved": "http://npm.zhenguanyu.com/esbuild-linux-32/download/esbuild-linux-32-0.14.54.tgz",
      "integrity": "sha1-4qjEqO/cNVQFMlAz/OvrlB94H+U=",
      "dev": true,
      "optional": true
    },
    "esbuild-linux-64": {
      "version": "0.14.54",
      "resolved": "http://npm.zhenguanyu.com/esbuild-linux-64/download/esbuild-linux-64-0.14.54.tgz",
      "integrity": "sha1-3l/boclWZs9yNp9StAsDvnEiZlI=",
      "dev": true,
      "optional": true
    },
    "esbuild-linux-arm": {
      "version": "0.14.54",
      "resolved": "http://npm.zhenguanyu.com/esbuild-linux-arm/download/esbuild-linux-arm-0.14.54.tgz",
      "integrity": "sha1-osHf9tDyHb6PxpmKEiZ1Uz3fzVk=",
      "dev": true,
      "optional": true
    },
    "esbuild-linux-arm64": {
      "version": "0.14.54",
      "resolved": "http://npm.zhenguanyu.com/esbuild-linux-arm64/download/esbuild-linux-arm64-0.14.54.tgz",
      "integrity": "sha1-2uTNQq6Xh0aLalwVjaTIToOwzos=",
      "dev": true,
      "optional": true
    },
    "esbuild-linux-mips64le": {
      "version": "0.14.54",
      "resolved": "http://npm.zhenguanyu.com/esbuild-linux-mips64le/download/esbuild-linux-mips64le-0.14.54.tgz",
      "integrity": "sha1-2ZGOnky5cvjW2ujoZVv57hMe2jQ=",
      "dev": true,
      "optional": true
    },
    "esbuild-linux-ppc64le": {
      "version": "0.14.54",
      "resolved": "http://npm.zhenguanyu.com/esbuild-linux-ppc64le/download/esbuild-linux-ppc64le-0.14.54.tgz",
      "integrity": "sha1-P5oPbUEHP7GmQGgIRcfeUplfE34=",
      "dev": true,
      "optional": true
    },
    "esbuild-linux-riscv64": {
      "version": "0.14.54",
      "resolved": "http://npm.zhenguanyu.com/esbuild-linux-riscv64/download/esbuild-linux-riscv64-0.14.54.tgz",
      "integrity": "sha1-YYhTwCgXimGDe8eZ0gE9RpXkUcg=",
      "dev": true,
      "optional": true
    },
    "esbuild-linux-s390x": {
      "version": "0.14.54",
      "resolved": "http://npm.zhenguanyu.com/esbuild-linux-s390x/download/esbuild-linux-s390x-0.14.54.tgz",
      "integrity": "sha1-0YhcTFp2u7Wg/hguLIxg654p8qY=",
      "dev": true,
      "optional": true
    },
    "esbuild-netbsd-64": {
      "version": "0.14.54",
      "resolved": "http://npm.zhenguanyu.com/esbuild-netbsd-64/download/esbuild-netbsd-64-0.14.54.tgz",
      "integrity": "sha1-aa6Rei/yQbffHb8iuvBL0zA0noE=",
      "dev": true,
      "optional": true
    },
    "esbuild-openbsd-64": {
      "version": "0.14.54",
      "resolved": "http://npm.zhenguanyu.com/esbuild-openbsd-64/download/esbuild-openbsd-64-0.14.54.tgz",
      "integrity": "sha1-20yElSh6NQpnkN4i7eokelfF1Hs=",
      "dev": true,
      "optional": true
    },
    "esbuild-sunos-64": {
      "version": "0.14.54",
      "resolved": "http://npm.zhenguanyu.com/esbuild-sunos-64/download/esbuild-sunos-64-0.14.54.tgz",
      "integrity": "sha1-VCh+49pz04RLchwhvIDB3H4b99o=",
      "dev": true,
      "optional": true
    },
    "esbuild-windows-32": {
      "version": "0.14.54",
      "resolved": "http://npm.zhenguanyu.com/esbuild-windows-32/download/esbuild-windows-32-0.14.54.tgz",
      "integrity": "sha1-+Kr5pWZ2MLQPD7OqN78Bu9NAzjE=",
      "dev": true,
      "optional": true
    },
    "esbuild-windows-64": {
      "version": "0.14.54",
      "resolved": "http://npm.zhenguanyu.com/esbuild-windows-64/download/esbuild-windows-64-0.14.54.tgz",
      "integrity": "sha1-v1S1G9PpsPGIb/2yJKQXYDHqCvQ=",
      "dev": true,
      "optional": true
    },
    "esbuild-windows-arm64": {
      "version": "0.14.54",
      "resolved": "http://npm.zhenguanyu.com/esbuild-windows-arm64/download/esbuild-windows-arm64-0.14.54.tgz",
      "integrity": "sha1-k30VZ1oV5LDk+v26o6Aad2or6YI=",
      "dev": true,
      "optional": true
    },
    "estree-walker": {
      "version": "2.0.2",
      "resolved": "http://npm.zhenguanyu.com/estree-walker/download/estree-walker-2.0.2.tgz",
      "integrity": "sha1-UvAQF4wqTBF6d1fP6UKtt9LaTKw="
    },
    "fill-range": {
      "version": "7.0.1",
      "resolved": "http://npm.zhenguanyu.com/fill-range/download/fill-range-7.0.1.tgz",
      "integrity": "sha1-GRmmp8df44ssfHflGYU12prN2kA=",
      "requires": {
        "to-regex-range": "^5.0.1"
      }
    },
    "fsevents": {
      "version": "2.3.2",
      "resolved": "http://npm.zhenguanyu.com/fsevents/download/fsevents-2.3.2.tgz",
      "integrity": "sha1-ilJveLj99GI7cJ4Ll1xSwkwC/Ro=",
      "optional": true
    },
    "function-bind": {
      "version": "1.1.1",
      "resolved": "http://npm.zhenguanyu.com/function-bind/download/function-bind-1.1.1.tgz",
      "integrity": "sha1-pWiZ0+o8m6uHS7l3O3xe3pL0iV0=",
      "dev": true
    },
    "glob-parent": {
      "version": "5.1.2",
      "resolved": "http://npm.zhenguanyu.com/glob-parent/download/glob-parent-5.1.2.tgz",
      "integrity": "sha1-hpgyxYA0/mikCTwX3BXoNA2EAcQ=",
      "requires": {
        "is-glob": "^4.0.1"
      }
    },
    "has": {
      "version": "1.0.3",
      "resolved": "http://npm.zhenguanyu.com/has/download/has-1.0.3.tgz",
      "integrity": "sha1-ci18v8H2qoJB8W3YFOAR4fQeh5Y=",
      "dev": true,
      "requires": {
        "function-bind": "^1.1.1"
      }
    },
    "immutable": {
      "version": "4.1.0",
      "resolved": "http://npm.zhenguanyu.com/immutable/download/immutable-4.1.0.tgz",
      "integrity": "sha1-95V4fw23gBgzB7nrIJH8rB9vr+8="
    },
    "is-binary-path": {
      "version": "2.1.0",
      "resolved": "http://npm.zhenguanyu.com/is-binary-path/download/is-binary-path-2.1.0.tgz",
      "integrity": "sha1-6h9/O4DwZCNug0cPhsCcJU+0Wwk=",
      "requires": {
        "binary-extensions": "^2.0.0"
      }
    },
    "is-core-module": {
      "version": "2.9.0",
      "resolved": "http://npm.zhenguanyu.com/is-core-module/download/is-core-module-2.9.0.tgz",
      "integrity": "sha1-4cNEKc1Rxt2eCeB5njluJ7GanGk=",
      "dev": true,
      "requires": {
        "has": "^1.0.3"
      }
    },
    "is-extglob": {
      "version": "2.1.1",
      "resolved": "http://npm.zhenguanyu.com/is-extglob/download/is-extglob-2.1.1.tgz",
      "integrity": "sha1-qIwCU1eR8C7TfHahueqXc8gz+MI="
    },
    "is-glob": {
      "version": "4.0.3",
      "resolved": "http://npm.zhenguanyu.com/is-glob/download/is-glob-4.0.3.tgz",
      "integrity": "sha1-ZPYeQsu7LuwgcanawLKLoeZdUIQ=",
      "requires": {
        "is-extglob": "^2.1.1"
      }
    },
    "is-number": {
      "version": "7.0.0",
      "resolved": "http://npm.zhenguanyu.com/is-number/download/is-number-7.0.0.tgz",
      "integrity": "sha1-dTU0W4lnNNX4DE0GxQlVUnoU8Ss="
    },
    "magic-string": {
      "version": "0.25.9",
      "resolved": "http://npm.zhenguanyu.com/magic-string/download/magic-string-0.25.9.tgz",
      "integrity": "sha1-3n+fr5HvihyR0CwuUxTIJ3283Rw=",
      "requires": {
        "sourcemap-codec": "^1.4.8"
      }
    },
    "moment": {
      "version": "2.29.4",
      "resolved": "http://npm.zhenguanyu.com/moment/download/moment-2.29.4.tgz",
      "integrity": "sha1-Pb4FKIn+fBsu2Wb8s6dzKJZO8Qg="
    },
    "nanoid": {
      "version": "3.3.4",
      "resolved": "http://npm.zhenguanyu.com/nanoid/download/nanoid-3.3.4.tgz",
      "integrity": "sha1-cwtn480J4t6s8DwCfIHJ2dvF6Ks="
    },
    "nes.css": {
      "version": "2.3.0",
      "resolved": "https://registry.npmjs.org/nes.css/-/nes.css-2.3.0.tgz",
      "integrity": "sha512-lCFZs9vj3f5RVdbvTL/kSxiYsOARwSeAdJaMNo+bCgmWOO9x8ay7QpT4yQVKHy3r5Dttzd0uqVdpt3fvvx6EpQ=="
    },
    "normalize-path": {
      "version": "3.0.0",
      "resolved": "http://npm.zhenguanyu.com/normalize-path/download/normalize-path-3.0.0.tgz",
      "integrity": "sha1-Dc1p/yOhybEf0JeDFmRKA4ghamU="
    },
    "path-parse": {
      "version": "1.0.7",
      "resolved": "http://npm.zhenguanyu.com/path-parse/download/path-parse-1.0.7.tgz",
      "integrity": "sha1-+8EUtgykKzDZ2vWFjkvWi77bZzU=",
      "dev": true
    },
    "picocolors": {
      "version": "1.0.0",
      "resolved": "http://npm.zhenguanyu.com/picocolors/download/picocolors-1.0.0.tgz",
      "integrity": "sha1-y1vcdP8/UYkiNur3nWi8RFZKuBw="
    },
    "picomatch": {
      "version": "2.3.1",
      "resolved": "http://npm.zhenguanyu.com/picomatch/download/picomatch-2.3.1.tgz",
      "integrity": "sha1-O6ODNzNkbZ0+SZWUbBNlpn+wekI="
    },
    "postcss": {
      "version": "8.4.16",
      "resolved": "http://npm.zhenguanyu.com/postcss/download/postcss-8.4.16.tgz",
      "integrity": "sha1-M6HWdfrDmUH19EXbDeTbK24B1Dw=",
      "requires": {
        "nanoid": "^3.3.4",
        "picocolors": "^1.0.0",
        "source-map-js": "^1.0.2"
      }
    },
    "readdirp": {
      "version": "3.6.0",
      "resolved": "http://npm.zhenguanyu.com/readdirp/download/readdirp-3.6.0.tgz",
      "integrity": "sha1-dKNwvYVxFuJFspzJc0DNQxoCpsc=",
      "requires": {
        "picomatch": "^2.2.1"
      }
    },
    "resolve": {
      "version": "1.22.1",
      "resolved": "http://npm.zhenguanyu.com/resolve/download/resolve-1.22.1.tgz",
      "integrity": "sha1-J8suu1P5GrtJRwqSi7p1WAZqwXc=",
      "dev": true,
      "requires": {
        "is-core-module": "^2.9.0",
        "path-parse": "^1.0.7",
        "supports-preserve-symlinks-flag": "^1.0.0"
      }
    },
    "rollup": {
      "version": "2.77.0",
      "resolved": "http://npm.zhenguanyu.com/rollup/download/rollup-2.77.0.tgz",
      "integrity": "sha1-dJ6qWsCba6pSrMB2vEZhPt39U/Q=",
      "dev": true,
      "requires": {
        "fsevents": "~2.3.2"
      }
    },
    "sass": {
      "version": "1.54.8",
      "resolved": "http://npm.zhenguanyu.com/sass/download/sass-1.54.8.tgz",
      "integrity": "sha1-St7w3YbqKx5AdPVR7tpPxfgSqZY=",
      "requires": {
        "chokidar": ">=3.0.0 <4.0.0",
        "immutable": "^4.0.0",
        "source-map-js": ">=0.6.2 <2.0.0"
      }
    },
    "source-map": {
      "version": "0.6.1",
      "resolved": "http://npm.zhenguanyu.com/source-map/download/source-map-0.6.1.tgz",
      "integrity": "sha1-dHIq8y6WFOnCh6jQu95IteLxomM="
    },
    "source-map-js": {
      "version": "1.0.2",
      "resolved": "http://npm.zhenguanyu.com/source-map-js/download/source-map-js-1.0.2.tgz",
      "integrity": "sha1-rbw2HZxi3zgBJefxYfccgm8eSQw="
    },
    "sourcemap-codec": {
      "version": "1.4.8",
      "resolved": "http://npm.zhenguanyu.com/sourcemap-codec/download/sourcemap-codec-1.4.8.tgz",
      "integrity": "sha1-6oBL2UhXQC5pktBaOO8a41qatMQ="
    },
    "supports-preserve-symlinks-flag": {
      "version": "1.0.0",
      "resolved": "http://npm.zhenguanyu.com/supports-preserve-symlinks-flag/download/supports-preserve-symlinks-flag-1.0.0.tgz",
      "integrity": "sha1-btpL00SjyUrqN21MwxvHcxEDngk=",
      "dev": true
    },
    "to-regex-range": {
      "version": "5.0.1",
      "resolved": "http://npm.zhenguanyu.com/to-regex-range/download/to-regex-range-5.0.1.tgz",
      "integrity": "sha1-FkjESq58jZiKMmAY7XL1tN0DkuQ=",
      "requires": {
        "is-number": "^7.0.0"
      }
    },
    "vite": {
      "version": "3.0.2",
      "resolved": "http://npm.zhenguanyu.com/vite/download/vite-3.0.2.tgz",
      "integrity": "sha1-KntGQsU64GbPck5+WB1sH9JOLDI=",
      "dev": true,
      "requires": {
        "esbuild": "^0.14.47",
        "fsevents": "~2.3.2",
        "postcss": "^8.4.14",
        "resolve": "^1.22.1",
        "rollup": "^2.75.6"
      }
    },
    "vue": {
      "version": "3.2.37",
      "resolved": "http://npm.zhenguanyu.com/vue/download/vue-3.2.37.tgz",
      "integrity": "sha1-2iIMy2GNeFedJbBsfCFJjKTlRS4=",
      "requires": {
        "@vue/compiler-dom": "3.2.37",
        "@vue/compiler-sfc": "3.2.37",
        "@vue/runtime-dom": "3.2.37",
        "@vue/server-renderer": "3.2.37",
        "@vue/shared": "3.2.37"
      }
    },
    "vue-router": {
      "version": "4.1.2",
      "resolved": "http://npm.zhenguanyu.com/vue-router/download/vue-router-4.1.2.tgz",
      "integrity": "sha1-rgj2PJYQr6a/9nQ+jxKLcFTUyfU=",
      "requires": {
        "@vue/devtools-api": "^6.1.4"
      }
    }
  }
}
